
Microsoft Visual Studio Solution File, Format Version 12.00
# Visual Studio 15
VisualStudioVersion = 15.0.28307.271
MinimumVisualStudioVersion = 10.0.40219.1
Project("{FAE04EC0-301F-11D3-BF4B-00C04F79EFBC}") = "02_Challenge", "01_Challenge\02_Challenge.csproj", "{2C76E86D-F6F1-48AD-95E9-D614189DC06E}"
EndProject
Project("{FAE04EC0-301F-11D3-BF4B-00C04F79EFBC}") = "02_Challenge_Tests", "01_Challenge_Tests\02_Challenge_Tests.csproj", "{C611A369-BA76-4008-9523-CA1F37FCF853}"
EndProject
Global
	GlobalSection(SolutionConfigurationPlatforms) = preSolution
		Debug|Any CPU = Debug|Any CPU
		Release|Any CPU = Release|Any CPU
	EndGlobalSection
	GlobalSection(ProjectConfigurationPlatforms) = postSolution
		{2C76E86D-F6F1-48AD-95E9-D614189DC06E}.Debug|Any CPU.ActiveCfg = Debug|Any CPU
		{2C76E86D-F6F1-48AD-95E9-D614189DC06E}.Debug|Any CPU.Build.0 = Debug|Any CPU
		{2C76E86D-F6F1-48AD-95E9-D614189DC06E}.Release|Any CPU.ActiveCfg = Release|Any CPU
		{2C76E86D-F6F1-48AD-95E9-D614189DC06E}.Release|Any CPU.Build.0 = Release|Any CPU
		{C611A369-BA76-4008-9523-CA1F37FCF853}.Debug|Any CPU.ActiveCfg = Debug|Any CPU
		{C611A369-BA76-4008-9523-CA1F37FCF853}.Debug|Any CPU.Build.0 = Debug|Any CPU
		{C611A369-BA76-4008-9523-CA1F37FCF853}.Release|Any CPU.ActiveCfg = Release|Any CPU
		{C611A369-BA76-4008-9523-CA1F37FCF853}.Release|Any CPU.Build.0 = Release|Any CPU
	EndGlobalSection
	GlobalSection(SolutionProperties) = preSolution
		HideSolutionNode = FALSE
	EndGlobalSection
	GlobalSection(ExtensibilityGlobals) = postSolution
		SolutionGuid = {FD03EC21-40D8-4EDD-ABD5-D342813AE173}
	EndGlobalSection
EndGlobal
