
Microsoft Visual Studio Solution File, Format Version 12.00
# Visual Studio 15
VisualStudioVersion = 15.0.28307.271
MinimumVisualStudioVersion = 10.0.40219.1
Project("{FAE04EC0-301F-11D3-BF4B-00C04F79EFBC}") = "03_Challenge", "03_Challenge\03_Challenge.csproj", "{5A2FBB22-B962-48E6-AAE2-08FD3D1FA71A}"
EndProject
Project("{FAE04EC0-301F-11D3-BF4B-00C04F79EFBC}") = "03_Challenge_Tests", "03_Challenge_Tests\03_Challenge_Tests.csproj", "{99039F83-1818-44CE-8B69-D9BE5DE3418A}"
EndProject
Project("{FAE04EC0-301F-11D3-BF4B-00C04F79EFBC}") = "04_Challenge_Tests", "04_Challenge_Tests\04_Challenge_Tests.csproj", "{D58D60EF-E6CE-4538-B344-254DF8C37A63}"
EndProject
Project("{FAE04EC0-301F-11D3-BF4B-00C04F79EFBC}") = "04_Challenge", "04_Challenge\04_Challenge.csproj", "{F68A4C81-358E-4A16-B6B5-86805FB003D3}"
EndProject
Project("{FAE04EC0-301F-11D3-BF4B-00C04F79EFBC}") = "08_Challenge", "08_Challenge\08_Challenge.csproj", "{1DD6C2B6-8F55-4123-954D-A1A3E479924D}"
EndProject
Project("{FAE04EC0-301F-11D3-BF4B-00C04F79EFBC}") = "08_Challenge_Tests", "08_Challenge_Tests\08_Challenge_Tests.csproj", "{D5C2359F-4DF8-4556-94F9-8FDD792D3299}"
EndProject
Project("{FAE04EC0-301F-11D3-BF4B-00C04F79EFBC}") = "02_Challenge", "02_Challenge\02_Challenge.csproj", "{2C76E86D-F6F1-48AD-95E9-D614189DC06E}"
EndProject
Project("{FAE04EC0-301F-11D3-BF4B-00C04F79EFBC}") = "02_Challenge_Tests", "02_Challenge_Tests\02_Challenge_Tests.csproj", "{C611A369-BA76-4008-9523-CA1F37FCF853}"
EndProject
Global
	GlobalSection(SolutionConfigurationPlatforms) = preSolution
		Debug|Any CPU = Debug|Any CPU
		Release|Any CPU = Release|Any CPU
	EndGlobalSection
	GlobalSection(ProjectConfigurationPlatforms) = postSolution
		{5A2FBB22-B962-48E6-AAE2-08FD3D1FA71A}.Debug|Any CPU.ActiveCfg = Debug|Any CPU
		{5A2FBB22-B962-48E6-AAE2-08FD3D1FA71A}.Debug|Any CPU.Build.0 = Debug|Any CPU
		{5A2FBB22-B962-48E6-AAE2-08FD3D1FA71A}.Release|Any CPU.ActiveCfg = Release|Any CPU
		{5A2FBB22-B962-48E6-AAE2-08FD3D1FA71A}.Release|Any CPU.Build.0 = Release|Any CPU
		{99039F83-1818-44CE-8B69-D9BE5DE3418A}.Debug|Any CPU.ActiveCfg = Debug|Any CPU
		{99039F83-1818-44CE-8B69-D9BE5DE3418A}.Debug|Any CPU.Build.0 = Debug|Any CPU
		{99039F83-1818-44CE-8B69-D9BE5DE3418A}.Release|Any CPU.ActiveCfg = Release|Any CPU
		{99039F83-1818-44CE-8B69-D9BE5DE3418A}.Release|Any CPU.Build.0 = Release|Any CPU
		{D58D60EF-E6CE-4538-B344-254DF8C37A63}.Debug|Any CPU.ActiveCfg = Debug|Any CPU
		{D58D60EF-E6CE-4538-B344-254DF8C37A63}.Debug|Any CPU.Build.0 = Debug|Any CPU
		{D58D60EF-E6CE-4538-B344-254DF8C37A63}.Release|Any CPU.ActiveCfg = Release|Any CPU
		{D58D60EF-E6CE-4538-B344-254DF8C37A63}.Release|Any CPU.Build.0 = Release|Any CPU
		{F68A4C81-358E-4A16-B6B5-86805FB003D3}.Debug|Any CPU.ActiveCfg = Debug|Any CPU
		{F68A4C81-358E-4A16-B6B5-86805FB003D3}.Debug|Any CPU.Build.0 = Debug|Any CPU
		{F68A4C81-358E-4A16-B6B5-86805FB003D3}.Release|Any CPU.ActiveCfg = Release|Any CPU
		{F68A4C81-358E-4A16-B6B5-86805FB003D3}.Release|Any CPU.Build.0 = Release|Any CPU
		{1DD6C2B6-8F55-4123-954D-A1A3E479924D}.Debug|Any CPU.ActiveCfg = Debug|Any CPU
		{1DD6C2B6-8F55-4123-954D-A1A3E479924D}.Debug|Any CPU.Build.0 = Debug|Any CPU
		{1DD6C2B6-8F55-4123-954D-A1A3E479924D}.Release|Any CPU.ActiveCfg = Release|Any CPU
		{1DD6C2B6-8F55-4123-954D-A1A3E479924D}.Release|Any CPU.Build.0 = Release|Any CPU
		{D5C2359F-4DF8-4556-94F9-8FDD792D3299}.Debug|Any CPU.ActiveCfg = Debug|Any CPU
		{D5C2359F-4DF8-4556-94F9-8FDD792D3299}.Debug|Any CPU.Build.0 = Debug|Any CPU
		{D5C2359F-4DF8-4556-94F9-8FDD792D3299}.Release|Any CPU.ActiveCfg = Release|Any CPU
		{D5C2359F-4DF8-4556-94F9-8FDD792D3299}.Release|Any CPU.Build.0 = Release|Any CPU
		{2C76E86D-F6F1-48AD-95E9-D614189DC06E}.Debug|Any CPU.ActiveCfg = Debug|Any CPU
		{2C76E86D-F6F1-48AD-95E9-D614189DC06E}.Debug|Any CPU.Build.0 = Debug|Any CPU
		{2C76E86D-F6F1-48AD-95E9-D614189DC06E}.Release|Any CPU.ActiveCfg = Release|Any CPU
		{2C76E86D-F6F1-48AD-95E9-D614189DC06E}.Release|Any CPU.Build.0 = Release|Any CPU
		{C611A369-BA76-4008-9523-CA1F37FCF853}.Debug|Any CPU.ActiveCfg = Debug|Any CPU
		{C611A369-BA76-4008-9523-CA1F37FCF853}.Debug|Any CPU.Build.0 = Debug|Any CPU
		{C611A369-BA76-4008-9523-CA1F37FCF853}.Release|Any CPU.ActiveCfg = Release|Any CPU
		{C611A369-BA76-4008-9523-CA1F37FCF853}.Release|Any CPU.Build.0 = Release|Any CPU
	EndGlobalSection
	GlobalSection(SolutionProperties) = preSolution
		HideSolutionNode = FALSE
	EndGlobalSection
	GlobalSection(ExtensibilityGlobals) = postSolution
		SolutionGuid = {FD03EC21-40D8-4EDD-ABD5-D342813AE173}
	EndGlobalSection
EndGlobal
